// !$*UTF8*$!
{
	archiveVersion = 1;
	classes = {
	};
	objectVersion = 46;
	objects = {

/* Begin PBXBuildFile section */
		BF41918C15ECD34E000E488F /* bg_gray.png in Resources */ = {isa = PBXBuildFile; fileRef = BF41918B15ECD34E000E488F /* bg_gray.png */; };
		BF5A023515EB9B260068260B /* InfoPlist.strings in Resources */ = {isa = PBXBuildFile; fileRef = BF5A023415EB9B260068260B /* InfoPlist.strings */; };
		BF5A023A15EB9B310068260B /* FirstViewController_iPad.xib in Resources */ = {isa = PBXBuildFile; fileRef = BF5A023615EB9B310068260B /* FirstViewController_iPad.xib */; };
		BF5A023B15EB9B310068260B /* FirstViewController_iPhone.xib in Resources */ = {isa = PBXBuildFile; fileRef = BF5A023715EB9B310068260B /* FirstViewController_iPhone.xib */; };
		BF5A023C15EB9B310068260B /* SecondViewController_iPad.xib in Resources */ = {isa = PBXBuildFile; fileRef = BF5A023815EB9B310068260B /* SecondViewController_iPad.xib */; };
		BF5A023D15EB9B310068260B /* SecondViewController_iPhone.xib in Resources */ = {isa = PBXBuildFile; fileRef = BF5A023915EB9B310068260B /* SecondViewController_iPhone.xib */; };
		BF608E271601B2880059FE7A /* Default-568h@2x.png in Resources */ = {isa = PBXBuildFile; fileRef = BF608E241601B2880059FE7A /* Default-568h@2x.png */; };
		BF608E281601B2880059FE7A /* Default.png in Resources */ = {isa = PBXBuildFile; fileRef = BF608E251601B2880059FE7A /* Default.png */; };
		BF608E291601B2880059FE7A /* Default@2x.png in Resources */ = {isa = PBXBuildFile; fileRef = BF608E261601B2880059FE7A /* Default@2x.png */; };
		BF93B07515E79ED900939C37 /* UIKit.framework in Frameworks */ = {isa = PBXBuildFile; fileRef = BF93B07415E79ED900939C37 /* UIKit.framework */; };
		BF93B07715E79EDA00939C37 /* Foundation.framework in Frameworks */ = {isa = PBXBuildFile; fileRef = BF93B07615E79ED900939C37 /* Foundation.framework */; };
		BF93B07915E79EDA00939C37 /* CoreGraphics.framework in Frameworks */ = {isa = PBXBuildFile; fileRef = BF93B07815E79EDA00939C37 /* CoreGraphics.framework */; };
		BF93B08115E79EDA00939C37 /* main.m in Sources */ = {isa = PBXBuildFile; fileRef = BF93B08015E79EDA00939C37 /* main.m */; };
		BF93B08515E79EDA00939C37 /* AppDelegate.m in Sources */ = {isa = PBXBuildFile; fileRef = BF93B08415E79EDA00939C37 /* AppDelegate.m */; };
		BF93B08815E79EDA00939C37 /* FirstViewController.m in Sources */ = {isa = PBXBuildFile; fileRef = BF93B08715E79EDA00939C37 /* FirstViewController.m */; };
		BF93B08F15E79EDA00939C37 /* SecondViewController.m in Sources */ = {isa = PBXBuildFile; fileRef = BF93B08E15E79EDA00939C37 /* SecondViewController.m */; };
		BF93B0AE15E79F2D00939C37 /* CoreTelephony.framework in Frameworks */ = {isa = PBXBuildFile; fileRef = BF93B0AB15E79F2D00939C37 /* CoreTelephony.framework */; };
		BF93B0AF15E79F2D00939C37 /* MediaPlayer.framework in Frameworks */ = {isa = PBXBuildFile; fileRef = BF93B0AC15E79F2D00939C37 /* MediaPlayer.framework */; };
		BF93B0B015E79F2D00939C37 /* SystemConfiguration.framework in Frameworks */ = {isa = PBXBuildFile; fileRef = BF93B0AD15E79F2D00939C37 /* SystemConfiguration.framework */; };
		BF93B0B215E79FA900939C37 /* MocogaSDK.framework in Frameworks */ = {isa = PBXBuildFile; fileRef = BF93B0B115E79FA900939C37 /* MocogaSDK.framework */; };
		BF93B0B415E79FAD00939C37 /* Mocoga.bundle in Resources */ = {isa = PBXBuildFile; fileRef = BF93B0B315E79FAD00939C37 /* Mocoga.bundle */; };
		BFE8D79315EB355400B698D0 /* ThirdViewController.m in Sources */ = {isa = PBXBuildFile; fileRef = BFE8D79115EB355400B698D0 /* ThirdViewController.m */; };
		BFE8D79415EB355400B698D0 /* ThirdViewController_iPad.xib in Resources */ = {isa = PBXBuildFile; fileRef = BFE8D79215EB355400B698D0 /* ThirdViewController_iPad.xib */; };
		BFE8D79615EB358300B698D0 /* ThirdViewController_iPhone.xib in Resources */ = {isa = PBXBuildFile; fileRef = BFE8D79515EB358300B698D0 /* ThirdViewController_iPhone.xib */; };
		BFE8D7A315EB36D500B698D0 /* Icon-72.png in Resources */ = {isa = PBXBuildFile; fileRef = BFE8D79F15EB36D500B698D0 /* Icon-72.png */; };
		BFE8D7A415EB36D500B698D0 /* Icon-72@2x.png in Resources */ = {isa = PBXBuildFile; fileRef = BFE8D7A015EB36D500B698D0 /* Icon-72@2x.png */; };
		BFE8D7A515EB36D500B698D0 /* Icon.png in Resources */ = {isa = PBXBuildFile; fileRef = BFE8D7A115EB36D500B698D0 /* Icon.png */; };
		BFE8D7A615EB36D500B698D0 /* Icon@2x.png in Resources */ = {isa = PBXBuildFile; fileRef = BFE8D7A215EB36D500B698D0 /* Icon@2x.png */; };
/* End PBXBuildFile section */

/* Begin PBXFileReference section */
		BF41918B15ECD34E000E488F /* bg_gray.png */ = {isa = PBXFileReference; lastKnownFileType = image.png; path = bg_gray.png; sourceTree = "<group>"; };
		BF5A023415EB9B260068260B /* InfoPlist.strings */ = {isa = PBXFileReference; fileEncoding = 4; lastKnownFileType = text.plist.strings; path = InfoPlist.strings; sourceTree = "<group>"; };
		BF5A023615EB9B310068260B /* FirstViewController_iPad.xib */ = {isa = PBXFileReference; fileEncoding = 4; lastKnownFileType = file.xib; path = FirstViewController_iPad.xib; sourceTree = "<group>"; };
		BF5A023715EB9B310068260B /* FirstViewController_iPhone.xib */ = {isa = PBXFileReference; fileEncoding = 4; lastKnownFileType = file.xib; path = FirstViewController_iPhone.xib; sourceTree = "<group>"; };
		BF5A023815EB9B310068260B /* SecondViewController_iPad.xib */ = {isa = PBXFileReference; fileEncoding = 4; lastKnownFileType = file.xib; path = SecondViewController_iPad.xib; sourceTree = "<group>"; };
		BF5A023915EB9B310068260B /* SecondViewController_iPhone.xib */ = {isa = PBXFileReference; fileEncoding = 4; lastKnownFileType = file.xib; path = SecondViewController_iPhone.xib; sourceTree = "<group>"; };
		BF608E241601B2880059FE7A /* Default-568h@2x.png */ = {isa = PBXFileReference; lastKnownFileType = image.png; path = "Default-568h@2x.png"; sourceTree = "<group>"; };
		BF608E251601B2880059FE7A /* Default.png */ = {isa = PBXFileReference; lastKnownFileType = image.png; path = Default.png; sourceTree = "<group>"; };
		BF608E261601B2880059FE7A /* Default@2x.png */ = {isa = PBXFileReference; lastKnownFileType = image.png; path = "Default@2x.png"; sourceTree = "<group>"; };
		BF93B07015E79ED900939C37 /* MocogaClient.app */ = {isa = PBXFileReference; explicitFileType = wrapper.application; includeInIndex = 0; path = MocogaClient.app; sourceTree = BUILT_PRODUCTS_DIR; };
		BF93B07415E79ED900939C37 /* UIKit.framework */ = {isa = PBXFileReference; lastKnownFileType = wrapper.framework; name = UIKit.framework; path = System/Library/Frameworks/UIKit.framework; sourceTree = SDKROOT; };
		BF93B07615E79ED900939C37 /* Foundation.framework */ = {isa = PBXFileReference; lastKnownFileType = wrapper.framework; name = Foundation.framework; path = System/Library/Frameworks/Foundation.framework; sourceTree = SDKROOT; };
		BF93B07815E79EDA00939C37 /* CoreGraphics.framework */ = {isa = PBXFileReference; lastKnownFileType = wrapper.framework; name = CoreGraphics.framework; path = System/Library/Frameworks/CoreGraphics.framework; sourceTree = SDKROOT; };
		BF93B07C15E79EDA00939C37 /* MocogaClient-Info.plist */ = {isa = PBXFileReference; lastKnownFileType = text.plist.xml; path = "MocogaClient-Info.plist"; sourceTree = "<group>"; };
		BF93B08015E79EDA00939C37 /* main.m */ = {isa = PBXFileReference; lastKnownFileType = sourcecode.c.objc; path = main.m; sourceTree = "<group>"; };
		BF93B08215E79EDA00939C37 /* MocogaClient-Prefix.pch */ = {isa = PBXFileReference; lastKnownFileType = sourcecode.c.h; path = "MocogaClient-Prefix.pch"; sourceTree = "<group>"; };
		BF93B08315E79EDA00939C37 /* AppDelegate.h */ = {isa = PBXFileReference; lastKnownFileType = sourcecode.c.h; path = AppDelegate.h; sourceTree = "<group>"; };
		BF93B08415E79EDA00939C37 /* AppDelegate.m */ = {isa = PBXFileReference; lastKnownFileType = sourcecode.c.objc; path = AppDelegate.m; sourceTree = "<group>"; };
		BF93B08615E79EDA00939C37 /* FirstViewController.h */ = {isa = PBXFileReference; lastKnownFileType = sourcecode.c.h; path = FirstViewController.h; sourceTree = "<group>"; };
		BF93B08715E79EDA00939C37 /* FirstViewController.m */ = {isa = PBXFileReference; lastKnownFileType = sourcecode.c.objc; path = FirstViewController.m; sourceTree = "<group>"; };
		BF93B08D15E79EDA00939C37 /* SecondViewController.h */ = {isa = PBXFileReference; lastKnownFileType = sourcecode.c.h; path = SecondViewController.h; sourceTree = "<group>"; };
		BF93B08E15E79EDA00939C37 /* SecondViewController.m */ = {isa = PBXFileReference; lastKnownFileType = sourcecode.c.objc; path = SecondViewController.m; sourceTree = "<group>"; };
		BF93B0AB15E79F2D00939C37 /* CoreTelephony.framework */ = {isa = PBXFileReference; lastKnownFileType = wrapper.framework; name = CoreTelephony.framework; path = System/Library/Frameworks/CoreTelephony.framework; sourceTree = SDKROOT; };
		BF93B0AC15E79F2D00939C37 /* MediaPlayer.framework */ = {isa = PBXFileReference; lastKnownFileType = wrapper.framework; name = MediaPlayer.framework; path = System/Library/Frameworks/MediaPlayer.framework; sourceTree = SDKROOT; };
		BF93B0AD15E79F2D00939C37 /* SystemConfiguration.framework */ = {isa = PBXFileReference; lastKnownFileType = wrapper.framework; name = SystemConfiguration.framework; path = System/Library/Frameworks/SystemConfiguration.framework; sourceTree = SDKROOT; };
		BF93B0B115E79FA900939C37 /* MocogaSDK.framework */ = {isa = PBXFileReference; lastKnownFileType = wrapper.framework; name = MocogaSDK.framework; path = ../Resources/MocogaSDK.framework; sourceTree = "<group>"; };
		BF93B0B315E79FAD00939C37 /* Mocoga.bundle */ = {isa = PBXFileReference; lastKnownFileType = "wrapper.plug-in"; name = Mocoga.bundle; path = ../../Resources/Mocoga.bundle; sourceTree = "<group>"; };
		BFE8D79015EB355400B698D0 /* ThirdViewController.h */ = {isa = PBXFileReference; fileEncoding = 4; lastKnownFileType = sourcecode.c.h; path = ThirdViewController.h; sourceTree = "<group>"; };
		BFE8D79115EB355400B698D0 /* ThirdViewController.m */ = {isa = PBXFileReference; fileEncoding = 4; lastKnownFileType = sourcecode.c.objc; path = ThirdViewController.m; sourceTree = "<group>"; };
		BFE8D79215EB355400B698D0 /* ThirdViewController_iPad.xib */ = {isa = PBXFileReference; fileEncoding = 4; lastKnownFileType = file.xib; path = ThirdViewController_iPad.xib; sourceTree = "<group>"; };
		BFE8D79515EB358300B698D0 /* ThirdViewController_iPhone.xib */ = {isa = PBXFileReference; fileEncoding = 4; lastKnownFileType = file.xib; path = ThirdViewController_iPhone.xib; sourceTree = "<group>"; };
		BFE8D79F15EB36D500B698D0 /* Icon-72.png */ = {isa = PBXFileReference; lastKnownFileType = image.png; path = "Icon-72.png"; sourceTree = "<group>"; };
		BFE8D7A015EB36D500B698D0 /* Icon-72@2x.png */ = {isa = PBXFileReference; lastKnownFileType = image.png; path = "Icon-72@2x.png"; sourceTree = "<group>"; };
		BFE8D7A115EB36D500B698D0 /* Icon.png */ = {isa = PBXFileReference; lastKnownFileType = image.png; path = Icon.png; sourceTree = "<group>"; };
		BFE8D7A215EB36D500B698D0 /* Icon@2x.png */ = {isa = PBXFileReference; lastKnownFileType = image.png; path = "Icon@2x.png"; sourceTree = "<group>"; };
/* End PBXFileReference section */

/* Begin PBXFrameworksBuildPhase section */
		BF93B06D15E79ED900939C37 /* Frameworks */ = {
			isa = PBXFrameworksBuildPhase;
			buildActionMask = 2147483647;
			files = (
				BF93B0AE15E79F2D00939C37 /* CoreTelephony.framework in Frameworks */,
				BF93B0AF15E79F2D00939C37 /* MediaPlayer.framework in Frameworks */,
				BF93B0B015E79F2D00939C37 /* SystemConfiguration.framework in Frameworks */,
				BF93B07515E79ED900939C37 /* UIKit.framework in Frameworks */,
				BF93B07715E79EDA00939C37 /* Foundation.framework in Frameworks */,
				BF93B07915E79EDA00939C37 /* CoreGraphics.framework in Frameworks */,
				BF93B0B215E79FA900939C37 /* MocogaSDK.framework in Frameworks */,
			);
			runOnlyForDeploymentPostprocessing = 0;
		};
/* End PBXFrameworksBuildPhase section */

/* Begin PBXGroup section */
		BF93B06515E79ED900939C37 = {
			isa = PBXGroup;
			children = (
				BF93B07A15E79EDA00939C37 /* MocogaClient */,
				BF93B07315E79ED900939C37 /* Frameworks */,
				BF93B07115E79ED900939C37 /* Products */,
			);
			sourceTree = "<group>";
		};
		BF93B07115E79ED900939C37 /* Products */ = {
			isa = PBXGroup;
			children = (
				BF93B07015E79ED900939C37 /* MocogaClient.app */,
			);
			name = Products;
			sourceTree = "<group>";
		};
		BF93B07315E79ED900939C37 /* Frameworks */ = {
			isa = PBXGroup;
			children = (
				BF93B0B115E79FA900939C37 /* MocogaSDK.framework */,
				BF93B0AB15E79F2D00939C37 /* CoreTelephony.framework */,
				BF93B0AC15E79F2D00939C37 /* MediaPlayer.framework */,
				BF93B0AD15E79F2D00939C37 /* SystemConfiguration.framework */,
				BF93B07415E79ED900939C37 /* UIKit.framework */,
				BF93B07615E79ED900939C37 /* Foundation.framework */,
				BF93B07815E79EDA00939C37 /* CoreGraphics.framework */,
			);
			name = Frameworks;
			sourceTree = "<group>";
		};
		BF93B07A15E79EDA00939C37 /* MocogaClient */ = {
			isa = PBXGroup;
			children = (
				BF93B08315E79EDA00939C37 /* AppDelegate.h */,
				BF93B08415E79EDA00939C37 /* AppDelegate.m */,
				BF93B08615E79EDA00939C37 /* FirstViewController.h */,
				BF93B08715E79EDA00939C37 /* FirstViewController.m */,
				BF93B08D15E79EDA00939C37 /* SecondViewController.h */,
				BF93B08E15E79EDA00939C37 /* SecondViewController.m */,
				BFE8D79015EB355400B698D0 /* ThirdViewController.h */,
				BFE8D79115EB355400B698D0 /* ThirdViewController.m */,
				BF5A023715EB9B310068260B /* FirstViewController_iPhone.xib */,
				BF5A023615EB9B310068260B /* FirstViewController_iPad.xib */,
				BF5A023915EB9B310068260B /* SecondViewController_iPhone.xib */,
				BF5A023815EB9B310068260B /* SecondViewController_iPad.xib */,
				BFE8D79515EB358300B698D0 /* ThirdViewController_iPhone.xib */,
				BFE8D79215EB355400B698D0 /* ThirdViewController_iPad.xib */,
				BF93B07B15E79EDA00939C37 /* Supporting Files */,
			);
			path = MocogaClient;
			sourceTree = "<group>";
		};
		BF93B07B15E79EDA00939C37 /* Supporting Files */ = {
			isa = PBXGroup;
			children = (
				BFE8D7A715EB36D900B698D0 /* Images */,
				BF93B0B315E79FAD00939C37 /* Mocoga.bundle */,
				BF93B07C15E79EDA00939C37 /* MocogaClient-Info.plist */,
				BF5A023415EB9B260068260B /* InfoPlist.strings */,
				BF93B08015E79EDA00939C37 /* main.m */,
				BF93B08215E79EDA00939C37 /* MocogaClient-Prefix.pch */,
			);
			name = "Supporting Files";
			sourceTree = "<group>";
		};
		BFE8D7A715EB36D900B698D0 /* Images */ = {
			isa = PBXGroup;
			children = (
				BF608E241601B2880059FE7A /* Default-568h@2x.png */,
				BF608E251601B2880059FE7A /* Default.png */,
				BF608E261601B2880059FE7A /* Default@2x.png */,
				BF41918B15ECD34E000E488F /* bg_gray.png */,
				BFE8D79F15EB36D500B698D0 /* Icon-72.png */,
				BFE8D7A015EB36D500B698D0 /* Icon-72@2x.png */,
				BFE8D7A115EB36D500B698D0 /* Icon.png */,
				BFE8D7A215EB36D500B698D0 /* Icon@2x.png */,
			);
			name = Images;
			sourceTree = "<group>";
		};
/* End PBXGroup section */

/* Begin PBXNativeTarget section */
		BF93B06F15E79ED900939C37 /* MocogaClient */ = {
			isa = PBXNativeTarget;
			buildConfigurationList = BF93B0A215E79EDA00939C37 /* Build configuration list for PBXNativeTarget "MocogaClient" */;
			buildPhases = (
				BF93B06C15E79ED900939C37 /* Sources */,
				BF93B06D15E79ED900939C37 /* Frameworks */,
				BF93B06E15E79ED900939C37 /* Resources */,
			);
			buildRules = (
			);
			dependencies = (
			);
			name = MocogaClient;
			productName = MocogaClient;
			productReference = BF93B07015E79ED900939C37 /* MocogaClient.app */;
			productType = "com.apple.product-type.application";
		};
/* End PBXNativeTarget section */

/* Begin PBXProject section */
		BF93B06715E79ED900939C37 /* Project object */ = {
			isa = PBXProject;
			attributes = {
				LastUpgradeCheck = 0440;
				ORGANIZATIONNAME = Mocoga;
			};
			buildConfigurationList = BF93B06A15E79ED900939C37 /* Build configuration list for PBXProject "MocogaClient" */;
			compatibilityVersion = "Xcode 3.2";
			developmentRegion = English;
			hasScannedForEncodings = 0;
			knownRegions = (
				en,
			);
			mainGroup = BF93B06515E79ED900939C37;
			productRefGroup = BF93B07115E79ED900939C37 /* Products */;
			projectDirPath = "";
			projectRoot = "";
			targets = (
				BF93B06F15E79ED900939C37 /* MocogaClient */,
			);
		};
/* End PBXProject section */

/* Begin PBXResourcesBuildPhase section */
		BF93B06E15E79ED900939C37 /* Resources */ = {
			isa = PBXResourcesBuildPhase;
			buildActionMask = 2147483647;
			files = (
				BF93B0B415E79FAD00939C37 /* Mocoga.bundle in Resources */,
				BFE8D79415EB355400B698D0 /* ThirdViewController_iPad.xib in Resources */,
				BFE8D79615EB358300B698D0 /* ThirdViewController_iPhone.xib in Resources */,
				BFE8D7A315EB36D500B698D0 /* Icon-72.png in Resources */,
				BFE8D7A415EB36D500B698D0 /* Icon-72@2x.png in Resources */,
				BFE8D7A515EB36D500B698D0 /* Icon.png in Resources */,
				BFE8D7A615EB36D500B698D0 /* Icon@2x.png in Resources */,
				BF5A023515EB9B260068260B /* InfoPlist.strings in Resources */,
				BF5A023A15EB9B310068260B /* FirstViewController_iPad.xib in Resources */,
				BF5A023B15EB9B310068260B /* FirstViewController_iPhone.xib in Resources */,
				BF5A023C15EB9B310068260B /* SecondViewController_iPad.xib in Resources */,
				BF5A023D15EB9B310068260B /* SecondViewController_iPhone.xib in Resources */,
				BF41918C15ECD34E000E488F /* bg_gray.png in Resources */,
				BF608E271601B2880059FE7A /* Default-568h@2x.png in Resources */,
				BF608E281601B2880059FE7A /* Default.png in Resources */,
				BF608E291601B2880059FE7A /* Default@2x.png in Resources */,
			);
			runOnlyForDeploymentPostprocessing = 0;
		};
/* End PBXResourcesBuildPhase section */

/* Begin PBXSourcesBuildPhase section */
		BF93B06C15E79ED900939C37 /* Sources */ = {
			isa = PBXSourcesBuildPhase;
			buildActionMask = 2147483647;
			files = (
				BF93B08115E79EDA00939C37 /* main.m in Sources */,
				BF93B08515E79EDA00939C37 /* AppDelegate.m in Sources */,
				BF93B08815E79EDA00939C37 /* FirstViewController.m in Sources */,
				BF93B08F15E79EDA00939C37 /* SecondViewController.m in Sources */,
				BFE8D79315EB355400B698D0 /* ThirdViewController.m in Sources */,
			);
			runOnlyForDeploymentPostprocessing = 0;
		};
/* End PBXSourcesBuildPhase section */

/* Begin XCBuildConfiguration section */
		BF93B0A015E79EDA00939C37 /* Debug */ = {
			isa = XCBuildConfiguration;
			buildSettings = {
				ALWAYS_SEARCH_USER_PATHS = NO;
				ARCHS = "$(ARCHS_STANDARD_32_BIT)";
				CLANG_CXX_LANGUAGE_STANDARD = "gnu++0x";
				CLANG_WARN__DUPLICATE_METHOD_MATCH = YES;
				"CODE_SIGN_IDENTITY[sdk=iphoneos*]" = "iPhone Developer";
				COPY_PHASE_STRIP = NO;
				GCC_C_LANGUAGE_STANDARD = gnu99;
				GCC_DYNAMIC_NO_PIC = NO;
				GCC_OPTIMIZATION_LEVEL = 0;
				GCC_PREPROCESSOR_DEFINITIONS = (
					"DEBUG=1",
					"$(inherited)",
				);
				GCC_SYMBOLS_PRIVATE_EXTERN = NO;
				GCC_VERSION = com.apple.compilers.llvm.clang.1_0;
				GCC_WARN_ABOUT_RETURN_TYPE = YES;
				GCC_WARN_UNINITIALIZED_AUTOS = YES;
				GCC_WARN_UNUSED_VARIABLE = YES;
				IPHONEOS_DEPLOYMENT_TARGET = 5.1;
				SDKROOT = iphoneos;
				TARGETED_DEVICE_FAMILY = "1,2";
			};
			name = Debug;
		};
		BF93B0A115E79EDA00939C37 /* Release */ = {
			isa = XCBuildConfiguration;
			buildSettings = {
				ALWAYS_SEARCH_USER_PATHS = NO;
				ARCHS = "$(ARCHS_STANDARD_32_BIT)";
				CLANG_CXX_LANGUAGE_STANDARD = "gnu++0x";
				CLANG_WARN__DUPLICATE_METHOD_MATCH = YES;
				"CODE_SIGN_IDENTITY[sdk=iphoneos*]" = "iPhone Developer";
				COPY_PHASE_STRIP = YES;
				GCC_C_LANGUAGE_STANDARD = gnu99;
				GCC_VERSION = com.apple.compilers.llvm.clang.1_0;
				GCC_WARN_ABOUT_RETURN_TYPE = YES;
				GCC_WARN_UNINITIALIZED_AUTOS = YES;
				GCC_WARN_UNUSED_VARIABLE = YES;
				IPHONEOS_DEPLOYMENT_TARGET = 5.1;
				OTHER_CFLAGS = "-DNS_BLOCK_ASSERTIONS=1";
				SDKROOT = iphoneos;
				TARGETED_DEVICE_FAMILY = "1,2";
				VALIDATE_PRODUCT = YES;
			};
			name = Release;
		};
		BF93B0A315E79EDA00939C37 /* Debug */ = {
			isa = XCBuildConfiguration;
			buildSettings = {
				ARCHS = (
					"$(ARCHS_STANDARD_32_BIT)",
					armv6,
				);
				CODE_SIGN_IDENTITY = "iPhone Developer";
				FRAMEWORK_SEARCH_PATHS = (
					"$(inherited)",
					"\"$(SRCROOT)/../Resources\"",
				);
				GCC_PRECOMPILE_PREFIX_HEADER = YES;
				GCC_PREFIX_HEADER = "MocogaClient/MocogaClient-Prefix.pch";
				INFOPLIST_FILE = "MocogaClient/MocogaClient-Info.plist";
				IPHONEOS_DEPLOYMENT_TARGET = 4.0;
				OTHER_LDFLAGS = "-ObjC";
				PRODUCT_NAME = "$(TARGET_NAME)";
				PROVISIONING_PROFILE = "";
				WRAPPER_EXTENSION = app;
			};
			name = Debug;
		};
		BF93B0A415E79EDA00939C37 /* Release */ = {
			isa = XCBuildConfiguration;
			buildSettings = {
				ARCHS = (
					"$(ARCHS_STANDARD_32_BIT)",
					armv6,
				);
				CODE_SIGN_IDENTITY = "iPhone Distribution";
				"CODE_SIGN_IDENTITY[sdk=iphoneos*]" = "iPhone Distribution";
				FRAMEWORK_SEARCH_PATHS = (
					"$(inherited)",
					"\"$(SRCROOT)/../Resources\"",
				);
				GCC_PRECOMPILE_PREFIX_HEADER = YES;
				GCC_PREFIX_HEADER = "MocogaClient/MocogaClient-Prefix.pch";
				INFOPLIST_FILE = "MocogaClient/MocogaClient-Info.plist";
				IPHONEOS_DEPLOYMENT_TARGET = 4.0;
				OTHER_LDFLAGS = "-ObjC";
				PRODUCT_NAME = "$(TARGET_NAME)";
				PROVISIONING_PROFILE = "";
				"PROVISIONING_PROFILE[sdk=iphoneos*]" = "";
				WRAPPER_EXTENSION = app;
			};
			name = Release;
		};
/* End XCBuildConfiguration section */

/* Begin XCConfigurationList section */
		BF93B06A15E79ED900939C37 /* Build configuration list for PBXProject "MocogaClient" */ = {
			isa = XCConfigurationList;
			buildConfigurations = (
				BF93B0A015E79EDA00939C37 /* Debug */,
				BF93B0A115E79EDA00939C37 /* Release */,
			);
			defaultConfigurationIsVisible = 0;
			defaultConfigurationName = Release;
		};
		BF93B0A215E79EDA00939C37 /* Build configuration list for PBXNativeTarget "MocogaClient" */ = {
			isa = XCConfigurationList;
			buildConfigurations = (
				BF93B0A315E79EDA00939C37 /* Debug */,
				BF93B0A415E79EDA00939C37 /* Release */,
			);
			defaultConfigurationIsVisible = 0;
			defaultConfigurationName = Release;
		};
/* End XCConfigurationList section */
	};
	rootObject = BF93B06715E79ED900939C37 /* Project object */;
}
